
Microsoft Visual Studio Solution File, Format Version 12.00
# Visual Studio Version 17
VisualStudioVersion = 17.11.35222.181
MinimumVisualStudioVersion = 10.0.40219.1
Project("{9A19103F-16F7-4668-BE54-9A1E7A4F7556}") = "HK-BakOverskriftene", "HK-BakOverskriftene\HK-BakOverskriftene.csproj", "{34828DA3-6EE4-4253-96A2-D639419D1EE3}"
	ProjectSection(ProjectDependencies) = postProject
		{60CD931E-C538-4CE3-AFAD-01968D95673F} = {60CD931E-C538-4CE3-AFAD-01968D95673F}
		{8F285BE9-2827-4DD8-9552-C6B9AA74A49C} = {8F285BE9-2827-4DD8-9552-C6B9AA74A49C}
	EndProjectSection
EndProject
Project("{9A19103F-16F7-4668-BE54-9A1E7A4F7556}") = "BakOverskriftene.DataAccess", "BakOverskriftene.DataAccess\BakOverskriftene.DataAccess.csproj", "{60CD931E-C538-4CE3-AFAD-01968D95673F}"
	ProjectSection(ProjectDependencies) = postProject
		{8F285BE9-2827-4DD8-9552-C6B9AA74A49C} = {8F285BE9-2827-4DD8-9552-C6B9AA74A49C}
	EndProjectSection
EndProject
Project("{9A19103F-16F7-4668-BE54-9A1E7A4F7556}") = "BakOverskriftene.Domain", "BakOverskriftene.Models\BakOverskriftene.Domain.csproj", "{8F285BE9-2827-4DD8-9552-C6B9AA74A49C}"
EndProject
Global
	GlobalSection(SolutionConfigurationPlatforms) = preSolution
		Debug|Any CPU = Debug|Any CPU
		Release|Any CPU = Release|Any CPU
	EndGlobalSection
	GlobalSection(ProjectConfigurationPlatforms) = postSolution
		{34828DA3-6EE4-4253-96A2-D639419D1EE3}.Debug|Any CPU.ActiveCfg = Debug|Any CPU
		{34828DA3-6EE4-4253-96A2-D639419D1EE3}.Debug|Any CPU.Build.0 = Debug|Any CPU
		{34828DA3-6EE4-4253-96A2-D639419D1EE3}.Release|Any CPU.ActiveCfg = Release|Any CPU
		{34828DA3-6EE4-4253-96A2-D639419D1EE3}.Release|Any CPU.Build.0 = Release|Any CPU
		{60CD931E-C538-4CE3-AFAD-01968D95673F}.Debug|Any CPU.ActiveCfg = Debug|Any CPU
		{60CD931E-C538-4CE3-AFAD-01968D95673F}.Debug|Any CPU.Build.0 = Debug|Any CPU
		{60CD931E-C538-4CE3-AFAD-01968D95673F}.Release|Any CPU.ActiveCfg = Release|Any CPU
		{60CD931E-C538-4CE3-AFAD-01968D95673F}.Release|Any CPU.Build.0 = Release|Any CPU
		{8F285BE9-2827-4DD8-9552-C6B9AA74A49C}.Debug|Any CPU.ActiveCfg = Debug|Any CPU
		{8F285BE9-2827-4DD8-9552-C6B9AA74A49C}.Debug|Any CPU.Build.0 = Debug|Any CPU
		{8F285BE9-2827-4DD8-9552-C6B9AA74A49C}.Release|Any CPU.ActiveCfg = Release|Any CPU
		{8F285BE9-2827-4DD8-9552-C6B9AA74A49C}.Release|Any CPU.Build.0 = Release|Any CPU
	EndGlobalSection
	GlobalSection(SolutionProperties) = preSolution
		HideSolutionNode = FALSE
	EndGlobalSection
	GlobalSection(ExtensibilityGlobals) = postSolution
		SolutionGuid = {15628118-EA95-4806-AF1D-84CEBCEE0388}
	EndGlobalSection
EndGlobal
